
Microsoft Visual Studio Solution File, Format Version 12.00
# Visual Studio Version 17
VisualStudioVersion = 17.11.35312.102
MinimumVisualStudioVersion = 10.0.40219.1
Project("{FAE04EC0-301F-11D3-BF4B-00C04F79EFBC}") = "AssignmentManagementApp", "AssignmentManagementApp\AssignmentManagementApp.csproj", "{75CC89FD-0898-42D0-A8C2-7238556C74BA}"
EndProject
Project("{FAE04EC0-301F-11D3-BF4B-00C04F79EFBC}") = "AssignmentManagementApp.Tests", "AssignmentManagementApp.Tests\AssignmentManagementApp.Tests.csproj", "{4A537EAB-7854-43B5-B939-D9A093DA4FE2}"
EndProject
Global
	GlobalSection(SolutionConfigurationPlatforms) = preSolution
		Debug|Any CPU = Debug|Any CPU
		Release|Any CPU = Release|Any CPU
	EndGlobalSection
	GlobalSection(ProjectConfigurationPlatforms) = postSolution
		{75CC89FD-0898-42D0-A8C2-7238556C74BA}.Debug|Any CPU.ActiveCfg = Debug|Any CPU
		{75CC89FD-0898-42D0-A8C2-7238556C74BA}.Debug|Any CPU.Build.0 = Debug|Any CPU
		{75CC89FD-0898-42D0-A8C2-7238556C74BA}.Release|Any CPU.ActiveCfg = Release|Any CPU
		{75CC89FD-0898-42D0-A8C2-7238556C74BA}.Release|Any CPU.Build.0 = Release|Any CPU
		{4A537EAB-7854-43B5-B939-D9A093DA4FE2}.Debug|Any CPU.ActiveCfg = Debug|Any CPU
		{4A537EAB-7854-43B5-B939-D9A093DA4FE2}.Debug|Any CPU.Build.0 = Debug|Any CPU
		{4A537EAB-7854-43B5-B939-D9A093DA4FE2}.Release|Any CPU.ActiveCfg = Release|Any CPU
		{4A537EAB-7854-43B5-B939-D9A093DA4FE2}.Release|Any CPU.Build.0 = Release|Any CPU
	EndGlobalSection
	GlobalSection(SolutionProperties) = preSolution
		HideSolutionNode = FALSE
	EndGlobalSection
	GlobalSection(ExtensibilityGlobals) = postSolution
		SolutionGuid = {59DCFCDC-11B6-4CFC-8195-E7B952273895}
	EndGlobalSection
EndGlobal
